
Microsoft Visual Studio Solution File, Format Version 12.00
# Visual Studio Version 16
VisualStudioVersion = 16.0.29709.97
MinimumVisualStudioVersion = 10.0.40219.1
Project("{FAE04EC0-301F-11D3-BF4B-00C04F79EFBC}") = "Calculator", "Calculator.csproj", "{F8DEA90A-3089-46E1-9A28-E096E58E0410}"
EndProject
Global
	GlobalSection(SolutionConfigurationPlatforms) = preSolution
		Debug|Any CPU = Debug|Any CPU
		Release|Any CPU = Release|Any CPU
	EndGlobalSection
	GlobalSection(ProjectConfigurationPlatforms) = postSolution
		{F8DEA90A-3089-46E1-9A28-E096E58E0410}.Debug|Any CPU.ActiveCfg = Debug|Any CPU
		{F8DEA90A-3089-46E1-9A28-E096E58E0410}.Debug|Any CPU.Build.0 = Debug|Any CPU
		{F8DEA90A-3089-46E1-9A28-E096E58E0410}.Release|Any CPU.ActiveCfg = Release|Any CPU
		{F8DEA90A-3089-46E1-9A28-E096E58E0410}.Release|Any CPU.Build.0 = Release|Any CPU
	EndGlobalSection
	GlobalSection(SolutionProperties) = preSolution
		HideSolutionNode = FALSE
	EndGlobalSection
	GlobalSection(ExtensibilityGlobals) = postSolution
		SolutionGuid = {2CDC3E6C-8C4A-4747-ADAB-3BDE4BF06F36}
	EndGlobalSection
EndGlobal
